
Microsoft Visual Studio Solution File, Format Version 12.00
Project("{FAE04EC0-301F-11D3-BF4B-00C04F79EFBC}") = "Model_Essence", "Model_Essence\Model_Essence.csproj", "{CF17E45C-D184-4D70-861E-2AE0B808EBEF}"
EndProject
Project("{FAE04EC0-301F-11D3-BF4B-00C04F79EFBC}") = "Model_Imp", "Model_Imp\Model_Imp.csproj", "{1E7BD4BB-06F3-4CF7-92EB-4146F02ECFB3}"
EndProject
Project("{FAE04EC0-301F-11D3-BF4B-00C04F79EFBC}") = "Model_Test", "Model_Test\Model_Test.csproj", "{2EF028FC-CEF0-40A2-A3F9-7326D45AC85C}"
EndProject
Project("{FAE04EC0-301F-11D3-BF4B-00C04F79EFBC}") = "Model_Gen", "Model_Gen\Model_Gen.csproj", "{202CCB41-CE62-40CB-B780-DA2D389869E1}"
EndProject
Global
	GlobalSection(SolutionConfigurationPlatforms) = preSolution
		Debug|Any CPU = Debug|Any CPU
		Release|Any CPU = Release|Any CPU
	EndGlobalSection
	GlobalSection(ProjectConfigurationPlatforms) = postSolution
		{CF17E45C-D184-4D70-861E-2AE0B808EBEF}.Debug|Any CPU.ActiveCfg = Debug|Any CPU
		{CF17E45C-D184-4D70-861E-2AE0B808EBEF}.Debug|Any CPU.Build.0 = Debug|Any CPU
		{CF17E45C-D184-4D70-861E-2AE0B808EBEF}.Release|Any CPU.ActiveCfg = Release|Any CPU
		{CF17E45C-D184-4D70-861E-2AE0B808EBEF}.Release|Any CPU.Build.0 = Release|Any CPU
		{1E7BD4BB-06F3-4CF7-92EB-4146F02ECFB3}.Debug|Any CPU.ActiveCfg = Debug|Any CPU
		{1E7BD4BB-06F3-4CF7-92EB-4146F02ECFB3}.Debug|Any CPU.Build.0 = Debug|Any CPU
		{1E7BD4BB-06F3-4CF7-92EB-4146F02ECFB3}.Release|Any CPU.ActiveCfg = Release|Any CPU
		{1E7BD4BB-06F3-4CF7-92EB-4146F02ECFB3}.Release|Any CPU.Build.0 = Release|Any CPU
		{2EF028FC-CEF0-40A2-A3F9-7326D45AC85C}.Debug|Any CPU.ActiveCfg = Debug|Any CPU
		{2EF028FC-CEF0-40A2-A3F9-7326D45AC85C}.Debug|Any CPU.Build.0 = Debug|Any CPU
		{2EF028FC-CEF0-40A2-A3F9-7326D45AC85C}.Release|Any CPU.ActiveCfg = Release|Any CPU
		{2EF028FC-CEF0-40A2-A3F9-7326D45AC85C}.Release|Any CPU.Build.0 = Release|Any CPU
		{202CCB41-CE62-40CB-B780-DA2D389869E1}.Debug|Any CPU.ActiveCfg = Debug|Any CPU
		{202CCB41-CE62-40CB-B780-DA2D389869E1}.Debug|Any CPU.Build.0 = Debug|Any CPU
		{202CCB41-CE62-40CB-B780-DA2D389869E1}.Release|Any CPU.ActiveCfg = Release|Any CPU
		{202CCB41-CE62-40CB-B780-DA2D389869E1}.Release|Any CPU.Build.0 = Release|Any CPU
	EndGlobalSection
EndGlobal
