
Microsoft Visual Studio Solution File, Format Version 12.00
Project("{FAE04EC0-301F-11D3-BF4B-00C04F79EFBC}") = "Core", "Core\Core.csproj", "{1E2C3005-A077-4208-8AE6-F808E76DC698}"
EndProject
Global
	GlobalSection(SolutionConfigurationPlatforms) = preSolution
		Debug|Any CPU = Debug|Any CPU
		Release|Any CPU = Release|Any CPU
	EndGlobalSection
	GlobalSection(ProjectConfigurationPlatforms) = postSolution
		{1E2C3005-A077-4208-8AE6-F808E76DC698}.Debug|Any CPU.ActiveCfg = Debug|Any CPU
		{1E2C3005-A077-4208-8AE6-F808E76DC698}.Debug|Any CPU.Build.0 = Debug|Any CPU
		{1E2C3005-A077-4208-8AE6-F808E76DC698}.Release|Any CPU.ActiveCfg = Release|Any CPU
		{1E2C3005-A077-4208-8AE6-F808E76DC698}.Release|Any CPU.Build.0 = Release|Any CPU
	EndGlobalSection
EndGlobal
