
Microsoft Visual Studio Solution File, Format Version 12.00
Project("{FAE04EC0-301F-11D3-BF4B-00C04F79EFBC}") = "Util_Common", "Util_Common\Util_Common.csproj", "{CDA3C6E0-F139-4C14-B279-5CA8B5702725}"
EndProject
Project("{FAE04EC0-301F-11D3-BF4B-00C04F79EFBC}") = "Util_Test", "Util_Test\Util_Test.csproj", "{1A5AE482-DDD9-4D75-AB2F-5C6D3D3CA46F}"
EndProject
Project("{FAE04EC0-301F-11D3-BF4B-00C04F79EFBC}") = "Gui_Application", "Gui_Application\Gui_Application.csproj", "{28B7DE5D-AC64-4C7A-B27E-1F2955284003}"
EndProject
Global
	GlobalSection(SolutionConfigurationPlatforms) = preSolution
		Debug|Any CPU = Debug|Any CPU
		Release|Any CPU = Release|Any CPU
	EndGlobalSection
	GlobalSection(ProjectConfigurationPlatforms) = postSolution
		{CDA3C6E0-F139-4C14-B279-5CA8B5702725}.Debug|Any CPU.ActiveCfg = Debug|Any CPU
		{CDA3C6E0-F139-4C14-B279-5CA8B5702725}.Debug|Any CPU.Build.0 = Debug|Any CPU
		{CDA3C6E0-F139-4C14-B279-5CA8B5702725}.Release|Any CPU.ActiveCfg = Release|Any CPU
		{CDA3C6E0-F139-4C14-B279-5CA8B5702725}.Release|Any CPU.Build.0 = Release|Any CPU
		{1A5AE482-DDD9-4D75-AB2F-5C6D3D3CA46F}.Debug|Any CPU.ActiveCfg = Debug|Any CPU
		{1A5AE482-DDD9-4D75-AB2F-5C6D3D3CA46F}.Debug|Any CPU.Build.0 = Debug|Any CPU
		{1A5AE482-DDD9-4D75-AB2F-5C6D3D3CA46F}.Release|Any CPU.ActiveCfg = Release|Any CPU
		{1A5AE482-DDD9-4D75-AB2F-5C6D3D3CA46F}.Release|Any CPU.Build.0 = Release|Any CPU
		{28B7DE5D-AC64-4C7A-B27E-1F2955284003}.Debug|Any CPU.ActiveCfg = Debug|Any CPU
		{28B7DE5D-AC64-4C7A-B27E-1F2955284003}.Debug|Any CPU.Build.0 = Debug|Any CPU
		{28B7DE5D-AC64-4C7A-B27E-1F2955284003}.Release|Any CPU.ActiveCfg = Release|Any CPU
		{28B7DE5D-AC64-4C7A-B27E-1F2955284003}.Release|Any CPU.Build.0 = Release|Any CPU
	EndGlobalSection
EndGlobal
